// !$*UTF8*$!
{
	archiveVersion = 1;
	classes = {
	};
	objectVersion = 50;
	objects = {

/* Begin PBXBuildFile section */
		A3A658F82B1CFE54005E7A7A /* AppDelegate.swift in Sources */ = {isa = PBXBuildFile; fileRef = A3A658F72B1CFE54005E7A7A /* AppDelegate.swift */; };
		A3A658FA2B1CFE54005E7A7A /* SceneDelegate.swift in Sources */ = {isa = PBXBuildFile; fileRef = A3A658F92B1CFE54005E7A7A /* SceneDelegate.swift */; };
		A3A658FC2B1CFE54005E7A7A /* ContentView.swift in Sources */ = {isa = PBXBuildFile; fileRef = A3A658FB2B1CFE54005E7A7A /* ContentView.swift */; };
		A3A658FE2B1CFE56005E7A7A /* Assets.xcassets in Resources */ = {isa = PBXBuildFile; fileRef = A3A658FD2B1CFE56005E7A7A /* Assets.xcassets */; };
		A3A659012B1CFE56005E7A7A /* Preview Assets.xcassets in Resources */ = {isa = PBXBuildFile; fileRef = A3A659002B1CFE56005E7A7A /* Preview Assets.xcassets */; };
		A3A659042B1CFE56005E7A7A /* LaunchScreen.storyboard in Resources */ = {isa = PBXBuildFile; fileRef = A3A659022B1CFE56005E7A7A /* LaunchScreen.storyboard */; };
		A3A6590C2B1CFF3A005E7A7A /* Framework.swift in Sources */ = {isa = PBXBuildFile; fileRef = A3A6590B2B1CFF39005E7A7A /* Framework.swift */; };
/* End PBXBuildFile section */

/* Begin PBXFileReference section */
		A3A658F42B1CFE54005E7A7A /* AppleFrameworks.app */ = {isa = PBXFileReference; explicitFileType = wrapper.application; includeInIndex = 0; path = AppleFrameworks.app; sourceTree = BUILT_PRODUCTS_DIR; };
		A3A658F72B1CFE54005E7A7A /* AppDelegate.swift */ = {isa = PBXFileReference; lastKnownFileType = sourcecode.swift; path = AppDelegate.swift; sourceTree = "<group>"; };
		A3A658F92B1CFE54005E7A7A /* SceneDelegate.swift */ = {isa = PBXFileReference; lastKnownFileType = sourcecode.swift; path = SceneDelegate.swift; sourceTree = "<group>"; };
		A3A658FB2B1CFE54005E7A7A /* ContentView.swift */ = {isa = PBXFileReference; lastKnownFileType = sourcecode.swift; path = ContentView.swift; sourceTree = "<group>"; };
		A3A658FD2B1CFE56005E7A7A /* Assets.xcassets */ = {isa = PBXFileReference; lastKnownFileType = folder.assetcatalog; path = Assets.xcassets; sourceTree = "<group>"; };
		A3A659002B1CFE56005E7A7A /* Preview Assets.xcassets */ = {isa = PBXFileReference; lastKnownFileType = folder.assetcatalog; path = "Preview Assets.xcassets"; sourceTree = "<group>"; };
		A3A659032B1CFE56005E7A7A /* Base */ = {isa = PBXFileReference; lastKnownFileType = file.storyboard; name = Base; path = Base.lproj/LaunchScreen.storyboard; sourceTree = "<group>"; };
		A3A659052B1CFE56005E7A7A /* Info.plist */ = {isa = PBXFileReference; lastKnownFileType = text.plist.xml; path = Info.plist; sourceTree = "<group>"; };
		A3A6590B2B1CFF39005E7A7A /* Framework.swift */ = {isa = PBXFileReference; lastKnownFileType = sourcecode.swift; path = Framework.swift; sourceTree = "<group>"; };
/* End PBXFileReference section */

/* Begin PBXFrameworksBuildPhase section */
		A3A658F12B1CFE54005E7A7A /* Frameworks */ = {
			isa = PBXFrameworksBuildPhase;
			buildActionMask = 2147483647;
			files = (
			);
			runOnlyForDeploymentPostprocessing = 0;
		};
/* End PBXFrameworksBuildPhase section */

/* Begin PBXGroup section */
		A3A658EB2B1CFE54005E7A7A = {
			isa = PBXGroup;
			children = (
				A3A658F62B1CFE54005E7A7A /* AppleFrameworks */,
				A3A658F52B1CFE54005E7A7A /* Products */,
			);
			sourceTree = "<group>";
		};
		A3A658F52B1CFE54005E7A7A /* Products */ = {
			isa = PBXGroup;
			children = (
				A3A658F42B1CFE54005E7A7A /* AppleFrameworks.app */,
			);
			name = Products;
			sourceTree = "<group>";
		};
		A3A658F62B1CFE54005E7A7A /* AppleFrameworks */ = {
			isa = PBXGroup;
			children = (
				A3A6590B2B1CFF39005E7A7A /* Framework.swift */,
				A3A658F72B1CFE54005E7A7A /* AppDelegate.swift */,
				A3A658F92B1CFE54005E7A7A /* SceneDelegate.swift */,
				A3A658FB2B1CFE54005E7A7A /* ContentView.swift */,
				A3A658FD2B1CFE56005E7A7A /* Assets.xcassets */,
				A3A659022B1CFE56005E7A7A /* LaunchScreen.storyboard */,
				A3A659052B1CFE56005E7A7A /* Info.plist */,
				A3A658FF2B1CFE56005E7A7A /* Preview Content */,
			);
			path = AppleFrameworks;
			sourceTree = "<group>";
		};
		A3A658FF2B1CFE56005E7A7A /* Preview Content */ = {
			isa = PBXGroup;
			children = (
				A3A659002B1CFE56005E7A7A /* Preview Assets.xcassets */,
			);
			path = "Preview Content";
			sourceTree = "<group>";
		};
/* End PBXGroup section */

/* Begin PBXNativeTarget section */
		A3A658F32B1CFE54005E7A7A /* AppleFrameworks */ = {
			isa = PBXNativeTarget;
			buildConfigurationList = A3A659082B1CFE56005E7A7A /* Build configuration list for PBXNativeTarget "AppleFrameworks" */;
			buildPhases = (
				A3A658F02B1CFE54005E7A7A /* Sources */,
				A3A658F12B1CFE54005E7A7A /* Frameworks */,
				A3A658F22B1CFE54005E7A7A /* Resources */,
			);
			buildRules = (
			);
			dependencies = (
			);
			name = AppleFrameworks;
			productName = AppleFrameworks;
			productReference = A3A658F42B1CFE54005E7A7A /* AppleFrameworks.app */;
			productType = "com.apple.product-type.application";
		};
/* End PBXNativeTarget section */

/* Begin PBXProject section */
		A3A658EC2B1CFE54005E7A7A /* Project object */ = {
			isa = PBXProject;
			attributes = {
				LastSwiftUpdateCheck = 1170;
				LastUpgradeCheck = 1170;
				ORGANIZATIONNAME = "Diana Duong";
				TargetAttributes = {
					A3A658F32B1CFE54005E7A7A = {
						CreatedOnToolsVersion = 11.7;
					};
				};
			};
			buildConfigurationList = A3A658EF2B1CFE54005E7A7A /* Build configuration list for PBXProject "AppleFrameworks" */;
			compatibilityVersion = "Xcode 9.3";
			developmentRegion = en;
			hasScannedForEncodings = 0;
			knownRegions = (
				en,
				Base,
			);
			mainGroup = A3A658EB2B1CFE54005E7A7A;
			productRefGroup = A3A658F52B1CFE54005E7A7A /* Products */;
			projectDirPath = "";
			projectRoot = "";
			targets = (
				A3A658F32B1CFE54005E7A7A /* AppleFrameworks */,
			);
		};
/* End PBXProject section */

/* Begin PBXResourcesBuildPhase section */
		A3A658F22B1CFE54005E7A7A /* Resources */ = {
			isa = PBXResourcesBuildPhase;
			buildActionMask = 2147483647;
			files = (
				A3A659042B1CFE56005E7A7A /* LaunchScreen.storyboard in Resources */,
				A3A659012B1CFE56005E7A7A /* Preview Assets.xcassets in Resources */,
				A3A658FE2B1CFE56005E7A7A /* Assets.xcassets in Resources */,
			);
			runOnlyForDeploymentPostprocessing = 0;
		};
/* End PBXResourcesBuildPhase section */

/* Begin PBXSourcesBuildPhase section */
		A3A658F02B1CFE54005E7A7A /* Sources */ = {
			isa = PBXSourcesBuildPhase;
			buildActionMask = 2147483647;
			files = (
				A3A6590C2B1CFF3A005E7A7A /* Framework.swift in Sources */,
				A3A658F82B1CFE54005E7A7A /* AppDelegate.swift in Sources */,
				A3A658FA2B1CFE54005E7A7A /* SceneDelegate.swift in Sources */,
				A3A658FC2B1CFE54005E7A7A /* ContentView.swift in Sources */,
			);
			runOnlyForDeploymentPostprocessing = 0;
		};
/* End PBXSourcesBuildPhase section */

/* Begin PBXVariantGroup section */
		A3A659022B1CFE56005E7A7A /* LaunchScreen.storyboard */ = {
			isa = PBXVariantGroup;
			children = (
				A3A659032B1CFE56005E7A7A /* Base */,
			);
			name = LaunchScreen.storyboard;
			sourceTree = "<group>";
		};
/* End PBXVariantGroup section */

/* Begin XCBuildConfiguration section */
		A3A659062B1CFE56005E7A7A /* Debug */ = {
			isa = XCBuildConfiguration;
			buildSettings = {
				ALWAYS_SEARCH_USER_PATHS = NO;
				CLANG_ANALYZER_NONNULL = YES;
				CLANG_ANALYZER_NUMBER_OBJECT_CONVERSION = YES_AGGRESSIVE;
				CLANG_CXX_LANGUAGE_STANDARD = "gnu++14";
				CLANG_CXX_LIBRARY = "libc++";
				CLANG_ENABLE_MODULES = YES;
				CLANG_ENABLE_OBJC_ARC = YES;
				CLANG_ENABLE_OBJC_WEAK = YES;
				CLANG_WARN_BLOCK_CAPTURE_AUTORELEASING = YES;
				CLANG_WARN_BOOL_CONVERSION = YES;
				CLANG_WARN_COMMA = YES;
				CLANG_WARN_CONSTANT_CONVERSION = YES;
				CLANG_WARN_DEPRECATED_OBJC_IMPLEMENTATIONS = YES;
				CLANG_WARN_DIRECT_OBJC_ISA_USAGE = YES_ERROR;
				CLANG_WARN_DOCUMENTATION_COMMENTS = YES;
				CLANG_WARN_EMPTY_BODY = YES;
				CLANG_WARN_ENUM_CONVERSION = YES;
				CLANG_WARN_INFINITE_RECURSION = YES;
				CLANG_WARN_INT_CONVERSION = YES;
				CLANG_WARN_NON_LITERAL_NULL_CONVERSION = YES;
				CLANG_WARN_OBJC_IMPLICIT_RETAIN_SELF = YES;
				CLANG_WARN_OBJC_LITERAL_CONVERSION = YES;
				CLANG_WARN_OBJC_ROOT_CLASS = YES_ERROR;
				CLANG_WARN_RANGE_LOOP_ANALYSIS = YES;
				CLANG_WARN_STRICT_PROTOTYPES = YES;
				CLANG_WARN_SUSPICIOUS_MOVE = YES;
				CLANG_WARN_UNGUARDED_AVAILABILITY = YES_AGGRESSIVE;
				CLANG_WARN_UNREACHABLE_CODE = YES;
				CLANG_WARN__DUPLICATE_METHOD_MATCH = YES;
				COPY_PHASE_STRIP = NO;
				DEBUG_INFORMATION_FORMAT = dwarf;
				ENABLE_STRICT_OBJC_MSGSEND = YES;
				ENABLE_TESTABILITY = YES;
				GCC_C_LANGUAGE_STANDARD = gnu11;
				GCC_DYNAMIC_NO_PIC = NO;
				GCC_NO_COMMON_BLOCKS = YES;
				GCC_OPTIMIZATION_LEVEL = 0;
				GCC_PREPROCESSOR_DEFINITIONS = (
					"DEBUG=1",
					"$(inherited)",
				);
				GCC_WARN_64_TO_32_BIT_CONVERSION = YES;
				GCC_WARN_ABOUT_RETURN_TYPE = YES_ERROR;
				GCC_WARN_UNDECLARED_SELECTOR = YES;
				GCC_WARN_UNINITIALIZED_AUTOS = YES_AGGRESSIVE;
				GCC_WARN_UNUSED_FUNCTION = YES;
				GCC_WARN_UNUSED_VARIABLE = YES;
				IPHONEOS_DEPLOYMENT_TARGET = 13.7;
				MTL_ENABLE_DEBUG_INFO = INCLUDE_SOURCE;
				MTL_FAST_MATH = YES;
				ONLY_ACTIVE_ARCH = YES;
				SDKROOT = iphoneos;
				SWIFT_ACTIVE_COMPILATION_CONDITIONS = DEBUG;
				SWIFT_OPTIMIZATION_LEVEL = "-Onone";
			};
			name = Debug;
		};
		A3A659072B1CFE56005E7A7A /* Release */ = {
			isa = XCBuildConfiguration;
			buildSettings = {
				ALWAYS_SEARCH_USER_PATHS = NO;
				CLANG_ANALYZER_NONNULL = YES;
				CLANG_ANALYZER_NUMBER_OBJECT_CONVERSION = YES_AGGRESSIVE;
				CLANG_CXX_LANGUAGE_STANDARD = "gnu++14";
				CLANG_CXX_LIBRARY = "libc++";
				CLANG_ENABLE_MODULES = YES;
				CLANG_ENABLE_OBJC_ARC = YES;
				CLANG_ENABLE_OBJC_WEAK = YES;
				CLANG_WARN_BLOCK_CAPTURE_AUTORELEASING = YES;
				CLANG_WARN_BOOL_CONVERSION = YES;
				CLANG_WARN_COMMA = YES;
				CLANG_WARN_CONSTANT_CONVERSION = YES;
				CLANG_WARN_DEPRECATED_OBJC_IMPLEMENTATIONS = YES;
				CLANG_WARN_DIRECT_OBJC_ISA_USAGE = YES_ERROR;
				CLANG_WARN_DOCUMENTATION_COMMENTS = YES;
				CLANG_WARN_EMPTY_BODY = YES;
				CLANG_WARN_ENUM_CONVERSION = YES;
				CLANG_WARN_INFINITE_RECURSION = YES;
				CLANG_WARN_INT_CONVERSION = YES;
				CLANG_WARN_NON_LITERAL_NULL_CONVERSION = YES;
				CLANG_WARN_OBJC_IMPLICIT_RETAIN_SELF = YES;
				CLANG_WARN_OBJC_LITERAL_CONVERSION = YES;
				CLANG_WARN_OBJC_ROOT_CLASS = YES_ERROR;
				CLANG_WARN_RANGE_LOOP_ANALYSIS = YES;
				CLANG_WARN_STRICT_PROTOTYPES = YES;
				CLANG_WARN_SUSPICIOUS_MOVE = YES;
				CLANG_WARN_UNGUARDED_AVAILABILITY = YES_AGGRESSIVE;
				CLANG_WARN_UNREACHABLE_CODE = YES;
				CLANG_WARN__DUPLICATE_METHOD_MATCH = YES;
				COPY_PHASE_STRIP = NO;
				DEBUG_INFORMATION_FORMAT = "dwarf-with-dsym";
				ENABLE_NS_ASSERTIONS = NO;
				ENABLE_STRICT_OBJC_MSGSEND = YES;
				GCC_C_LANGUAGE_STANDARD = gnu11;
				GCC_NO_COMMON_BLOCKS = YES;
				GCC_WARN_64_TO_32_BIT_CONVERSION = YES;
				GCC_WARN_ABOUT_RETURN_TYPE = YES_ERROR;
				GCC_WARN_UNDECLARED_SELECTOR = YES;
				GCC_WARN_UNINITIALIZED_AUTOS = YES_AGGRESSIVE;
				GCC_WARN_UNUSED_FUNCTION = YES;
				GCC_WARN_UNUSED_VARIABLE = YES;
				IPHONEOS_DEPLOYMENT_TARGET = 13.7;
				MTL_ENABLE_DEBUG_INFO = NO;
				MTL_FAST_MATH = YES;
				SDKROOT = iphoneos;
				SWIFT_COMPILATION_MODE = wholemodule;
				SWIFT_OPTIMIZATION_LEVEL = "-O";
				VALIDATE_PRODUCT = YES;
			};
			name = Release;
		};
		A3A659092B1CFE56005E7A7A /* Debug */ = {
			isa = XCBuildConfiguration;
			buildSettings = {
				ASSETCATALOG_COMPILER_APPICON_NAME = AppIcon;
				CODE_SIGN_STYLE = Automatic;
				DEVELOPMENT_ASSET_PATHS = "\"AppleFrameworks/Preview Content\"";
				DEVELOPMENT_TEAM = M44U58AV3T;
				ENABLE_PREVIEWS = YES;
				INFOPLIST_FILE = AppleFrameworks/Info.plist;
				LD_RUNPATH_SEARCH_PATHS = (
					"$(inherited)",
					"@executable_path/Frameworks",
				);
				PRODUCT_BUNDLE_IDENTIFIER = com.dianaduong.AppleFrameworks;
				PRODUCT_NAME = "$(TARGET_NAME)";
				SWIFT_VERSION = 5.0;
				TARGETED_DEVICE_FAMILY = "1,2";
			};
			name = Debug;
		};
		A3A6590A2B1CFE56005E7A7A /* Release */ = {
			isa = XCBuildConfiguration;
			buildSettings = {
				ASSETCATALOG_COMPILER_APPICON_NAME = AppIcon;
				CODE_SIGN_STYLE = Automatic;
				DEVELOPMENT_ASSET_PATHS = "\"AppleFrameworks/Preview Content\"";
				DEVELOPMENT_TEAM = M44U58AV3T;
				ENABLE_PREVIEWS = YES;
				INFOPLIST_FILE = AppleFrameworks/Info.plist;
				LD_RUNPATH_SEARCH_PATHS = (
					"$(inherited)",
					"@executable_path/Frameworks",
				);
				PRODUCT_BUNDLE_IDENTIFIER = com.dianaduong.AppleFrameworks;
				PRODUCT_NAME = "$(TARGET_NAME)";
				SWIFT_VERSION = 5.0;
				TARGETED_DEVICE_FAMILY = "1,2";
			};
			name = Release;
		};
/* End XCBuildConfiguration section */

/* Begin XCConfigurationList section */
		A3A658EF2B1CFE54005E7A7A /* Build configuration list for PBXProject "AppleFrameworks" */ = {
			isa = XCConfigurationList;
			buildConfigurations = (
				A3A659062B1CFE56005E7A7A /* Debug */,
				A3A659072B1CFE56005E7A7A /* Release */,
			);
			defaultConfigurationIsVisible = 0;
			defaultConfigurationName = Release;
		};
		A3A659082B1CFE56005E7A7A /* Build configuration list for PBXNativeTarget "AppleFrameworks" */ = {
			isa = XCConfigurationList;
			buildConfigurations = (
				A3A659092B1CFE56005E7A7A /* Debug */,
				A3A6590A2B1CFE56005E7A7A /* Release */,
			);
			defaultConfigurationIsVisible = 0;
			defaultConfigurationName = Release;
		};
/* End XCConfigurationList section */
	};
	rootObject = A3A658EC2B1CFE54005E7A7A /* Project object */;
}
